
Microsoft Visual Studio Solution File, Format Version 12.00
# Visual Studio Version 16
VisualStudioVersion = 16.0.31321.278
MinimumVisualStudioVersion = 10.0.40219.1
Project("{F184B08F-C81C-45F6-A57F-5ABD9991F28F}") = "project", "project\project.vbproj", "{AD9CCE84-F148-4B7C-A798-4977DE02535E}"
EndProject
Global
	GlobalSection(SolutionConfigurationPlatforms) = preSolution
		Debug|Any CPU = Debug|Any CPU
		Release|Any CPU = Release|Any CPU
	EndGlobalSection
	GlobalSection(ProjectConfigurationPlatforms) = postSolution
		{AD9CCE84-F148-4B7C-A798-4977DE02535E}.Debug|Any CPU.ActiveCfg = Debug|Any CPU
		{AD9CCE84-F148-4B7C-A798-4977DE02535E}.Debug|Any CPU.Build.0 = Debug|Any CPU
		{AD9CCE84-F148-4B7C-A798-4977DE02535E}.Release|Any CPU.ActiveCfg = Release|Any CPU
		{AD9CCE84-F148-4B7C-A798-4977DE02535E}.Release|Any CPU.Build.0 = Release|Any CPU
	EndGlobalSection
	GlobalSection(SolutionProperties) = preSolution
		HideSolutionNode = FALSE
	EndGlobalSection
	GlobalSection(ExtensibilityGlobals) = postSolution
		SolutionGuid = {57883849-3357-429F-85C4-514B288751C0}
	EndGlobalSection
EndGlobal
